
Microsoft Visual Studio Solution File, Format Version 12.00
# Visual Studio Version 17
VisualStudioVersion = 17.14.37027.9 d17.14
MinimumVisualStudioVersion = 10.0.40219.1
Project("{FAE04EC0-301F-11D3-BF4B-00C04F79EFBC}") = "JuegoPOO", "JuegoPOO\JuegoPOO.csproj", "{11284D5E-78A1-47C9-A5A0-2FE27B9776D2}"
EndProject
Global
	GlobalSection(SolutionConfigurationPlatforms) = preSolution
		Debug|Any CPU = Debug|Any CPU
		Release|Any CPU = Release|Any CPU
	EndGlobalSection
	GlobalSection(ProjectConfigurationPlatforms) = postSolution
		{11284D5E-78A1-47C9-A5A0-2FE27B9776D2}.Debug|Any CPU.ActiveCfg = Debug|Any CPU
		{11284D5E-78A1-47C9-A5A0-2FE27B9776D2}.Debug|Any CPU.Build.0 = Debug|Any CPU
		{11284D5E-78A1-47C9-A5A0-2FE27B9776D2}.Release|Any CPU.ActiveCfg = Release|Any CPU
		{11284D5E-78A1-47C9-A5A0-2FE27B9776D2}.Release|Any CPU.Build.0 = Release|Any CPU
	EndGlobalSection
	GlobalSection(SolutionProperties) = preSolution
		HideSolutionNode = FALSE
	EndGlobalSection
	GlobalSection(ExtensibilityGlobals) = postSolution
		SolutionGuid = {4FF53581-06D8-414C-A2E3-FEC9A44081B0}
	EndGlobalSection
EndGlobal
